
Microsoft Visual Studio Solution File, Format Version 12.00
# Visual Studio Version 16
VisualStudioVersion = 16.0.30611.23
MinimumVisualStudioVersion = 10.0.40219.1
Project("{9A19103F-16F7-4668-BE54-9A1E7A4F7556}") = "YalajeyeAPI", "YalajeyeAPI\YalajeyeAPI.csproj", "{1317BD83-762B-4E59-B52C-FBBCDB20E7DF}"
EndProject
Project("{9A19103F-16F7-4668-BE54-9A1E7A4F7556}") = "YalaJeye.DAL", "YalaJeye.DAL\YalaJeye.DAL.csproj", "{0624A0D3-E0C4-494A-8CFD-AF2CFC3BF44E}"
EndProject
Project("{9A19103F-16F7-4668-BE54-9A1E7A4F7556}") = "YalaJeye.BO", "YallaJeye.BO\YalaJeye.BO.csproj", "{DD7BBD91-017A-4B8F-870B-A8E745954DCD}"
EndProject
Project("{9A19103F-16F7-4668-BE54-9A1E7A4F7556}") = "YalaJeye.Admin", "YalaJeye.Admin\YalaJeye.Admin.csproj", "{26D4F94C-434E-4672-80E3-51D69EE08AEF}"
EndProject
Global
	GlobalSection(SolutionConfigurationPlatforms) = preSolution
		Debug|Any CPU = Debug|Any CPU
		Release|Any CPU = Release|Any CPU
	EndGlobalSection
	GlobalSection(ProjectConfigurationPlatforms) = postSolution
		{1317BD83-762B-4E59-B52C-FBBCDB20E7DF}.Debug|Any CPU.ActiveCfg = Debug|Any CPU
		{1317BD83-762B-4E59-B52C-FBBCDB20E7DF}.Debug|Any CPU.Build.0 = Debug|Any CPU
		{1317BD83-762B-4E59-B52C-FBBCDB20E7DF}.Release|Any CPU.ActiveCfg = Release|Any CPU
		{1317BD83-762B-4E59-B52C-FBBCDB20E7DF}.Release|Any CPU.Build.0 = Release|Any CPU
		{0624A0D3-E0C4-494A-8CFD-AF2CFC3BF44E}.Debug|Any CPU.ActiveCfg = Debug|Any CPU
		{0624A0D3-E0C4-494A-8CFD-AF2CFC3BF44E}.Debug|Any CPU.Build.0 = Debug|Any CPU
		{0624A0D3-E0C4-494A-8CFD-AF2CFC3BF44E}.Release|Any CPU.ActiveCfg = Release|Any CPU
		{0624A0D3-E0C4-494A-8CFD-AF2CFC3BF44E}.Release|Any CPU.Build.0 = Release|Any CPU
		{DD7BBD91-017A-4B8F-870B-A8E745954DCD}.Debug|Any CPU.ActiveCfg = Debug|Any CPU
		{DD7BBD91-017A-4B8F-870B-A8E745954DCD}.Debug|Any CPU.Build.0 = Debug|Any CPU
		{DD7BBD91-017A-4B8F-870B-A8E745954DCD}.Release|Any CPU.ActiveCfg = Release|Any CPU
		{DD7BBD91-017A-4B8F-870B-A8E745954DCD}.Release|Any CPU.Build.0 = Release|Any CPU
		{26D4F94C-434E-4672-80E3-51D69EE08AEF}.Debug|Any CPU.ActiveCfg = Debug|Any CPU
		{26D4F94C-434E-4672-80E3-51D69EE08AEF}.Debug|Any CPU.Build.0 = Debug|Any CPU
		{26D4F94C-434E-4672-80E3-51D69EE08AEF}.Release|Any CPU.ActiveCfg = Release|Any CPU
		{26D4F94C-434E-4672-80E3-51D69EE08AEF}.Release|Any CPU.Build.0 = Release|Any CPU
	EndGlobalSection
	GlobalSection(SolutionProperties) = preSolution
		HideSolutionNode = FALSE
	EndGlobalSection
	GlobalSection(ExtensibilityGlobals) = postSolution
		SolutionGuid = {7DB1159A-7DA4-4407-B7FB-B53CA7B2B815}
	EndGlobalSection
EndGlobal
